
Microsoft Visual Studio Solution File, Format Version 12.00
# Visual Studio Version 16
VisualStudioVersion = 16.0.32002.261
MinimumVisualStudioVersion = 10.0.40219.1
Project("{9A19103F-16F7-4668-BE54-9A1E7A4F7556}") = "DotNetSqlHelper", "DotNetSqlHelper.csproj", "{DAEAF40A-7F36-4415-9640-BEEB39C60579}"
EndProject
Global
	GlobalSection(SolutionConfigurationPlatforms) = preSolution
		Debug|Any CPU = Debug|Any CPU
		Release|Any CPU = Release|Any CPU
	EndGlobalSection
	GlobalSection(ProjectConfigurationPlatforms) = postSolution
		{DAEAF40A-7F36-4415-9640-BEEB39C60579}.Debug|Any CPU.ActiveCfg = Debug|Any CPU
		{DAEAF40A-7F36-4415-9640-BEEB39C60579}.Debug|Any CPU.Build.0 = Debug|Any CPU
		{DAEAF40A-7F36-4415-9640-BEEB39C60579}.Release|Any CPU.ActiveCfg = Release|Any CPU
		{DAEAF40A-7F36-4415-9640-BEEB39C60579}.Release|Any CPU.Build.0 = Release|Any CPU
	EndGlobalSection
	GlobalSection(SolutionProperties) = preSolution
		HideSolutionNode = FALSE
	EndGlobalSection
	GlobalSection(ExtensibilityGlobals) = postSolution
		SolutionGuid = {78C2511B-34D3-42BC-9E2C-2097A12D3637}
	EndGlobalSection
EndGlobal
